// !$*UTF8*$!
{
	archiveVersion = 1;
	classes = {
	};
	objectVersion = 48;
	objects = {

/* Begin PBXBuildFile section */
		8400D1F41F1C33F2007CBAB9 /* AppDelegate.swift in Sources */ = {isa = PBXBuildFile; fileRef = 8400D1F31F1C33F2007CBAB9 /* AppDelegate.swift */; };
		8400D1F61F1C33F2007CBAB9 /* ViewController.swift in Sources */ = {isa = PBXBuildFile; fileRef = 8400D1F51F1C33F2007CBAB9 /* ViewController.swift */; };
		8400D1F91F1C33F2007CBAB9 /* Main.storyboard in Resources */ = {isa = PBXBuildFile; fileRef = 8400D1F71F1C33F2007CBAB9 /* Main.storyboard */; };
		8400D1FB1F1C33F2007CBAB9 /* Assets.xcassets in Resources */ = {isa = PBXBuildFile; fileRef = 8400D1FA1F1C33F2007CBAB9 /* Assets.xcassets */; };
		8400D1FE1F1C33F2007CBAB9 /* LaunchScreen.storyboard in Resources */ = {isa = PBXBuildFile; fileRef = 8400D1FC1F1C33F2007CBAB9 /* LaunchScreen.storyboard */; };
		8400D2061F1C3455007CBAB9 /* Reachability.swift in Sources */ = {isa = PBXBuildFile; fileRef = 8400D2051F1C3455007CBAB9 /* Reachability.swift */; };
/* End PBXBuildFile section */

/* Begin PBXFileReference section */
		8400D1F01F1C33F2007CBAB9 /* CheckNetWork.app */ = {isa = PBXFileReference; explicitFileType = wrapper.application; includeInIndex = 0; path = CheckNetWork.app; sourceTree = BUILT_PRODUCTS_DIR; };
		8400D1F31F1C33F2007CBAB9 /* AppDelegate.swift */ = {isa = PBXFileReference; lastKnownFileType = sourcecode.swift; path = AppDelegate.swift; sourceTree = "<group>"; };
		8400D1F51F1C33F2007CBAB9 /* ViewController.swift */ = {isa = PBXFileReference; lastKnownFileType = sourcecode.swift; path = ViewController.swift; sourceTree = "<group>"; };
		8400D1F81F1C33F2007CBAB9 /* Base */ = {isa = PBXFileReference; lastKnownFileType = file.storyboard; name = Base; path = Base.lproj/Main.storyboard; sourceTree = "<group>"; };
		8400D1FA1F1C33F2007CBAB9 /* Assets.xcassets */ = {isa = PBXFileReference; lastKnownFileType = folder.assetcatalog; path = Assets.xcassets; sourceTree = "<group>"; };
		8400D1FD1F1C33F2007CBAB9 /* Base */ = {isa = PBXFileReference; lastKnownFileType = file.storyboard; name = Base; path = Base.lproj/LaunchScreen.storyboard; sourceTree = "<group>"; };
		8400D1FF1F1C33F2007CBAB9 /* Info.plist */ = {isa = PBXFileReference; lastKnownFileType = text.plist.xml; path = Info.plist; sourceTree = "<group>"; };
		8400D2051F1C3455007CBAB9 /* Reachability.swift */ = {isa = PBXFileReference; lastKnownFileType = sourcecode.swift; path = Reachability.swift; sourceTree = "<group>"; };
/* End PBXFileReference section */

/* Begin PBXFrameworksBuildPhase section */
		8400D1ED1F1C33F2007CBAB9 /* Frameworks */ = {
			isa = PBXFrameworksBuildPhase;
			buildActionMask = 2147483647;
			files = (
			);
			runOnlyForDeploymentPostprocessing = 0;
		};
/* End PBXFrameworksBuildPhase section */

/* Begin PBXGroup section */
		8400D1E71F1C33F2007CBAB9 = {
			isa = PBXGroup;
			children = (
				8400D1F21F1C33F2007CBAB9 /* CheckNetWork */,
				8400D1F11F1C33F2007CBAB9 /* Products */,
			);
			sourceTree = "<group>";
		};
		8400D1F11F1C33F2007CBAB9 /* Products */ = {
			isa = PBXGroup;
			children = (
				8400D1F01F1C33F2007CBAB9 /* CheckNetWork.app */,
			);
			name = Products;
			sourceTree = "<group>";
		};
		8400D1F21F1C33F2007CBAB9 /* CheckNetWork */ = {
			isa = PBXGroup;
			children = (
				8400D1F31F1C33F2007CBAB9 /* AppDelegate.swift */,
				8400D1F51F1C33F2007CBAB9 /* ViewController.swift */,
				8400D2051F1C3455007CBAB9 /* Reachability.swift */,
				8400D1F71F1C33F2007CBAB9 /* Main.storyboard */,
				8400D1FA1F1C33F2007CBAB9 /* Assets.xcassets */,
				8400D1FC1F1C33F2007CBAB9 /* LaunchScreen.storyboard */,
				8400D1FF1F1C33F2007CBAB9 /* Info.plist */,
			);
			path = CheckNetWork;
			sourceTree = "<group>";
		};
/* End PBXGroup section */

/* Begin PBXNativeTarget section */
		8400D1EF1F1C33F2007CBAB9 /* CheckNetWork */ = {
			isa = PBXNativeTarget;
			buildConfigurationList = 8400D2021F1C33F2007CBAB9 /* Build configuration list for PBXNativeTarget "CheckNetWork" */;
			buildPhases = (
				8400D1EC1F1C33F2007CBAB9 /* Sources */,
				8400D1ED1F1C33F2007CBAB9 /* Frameworks */,
				8400D1EE1F1C33F2007CBAB9 /* Resources */,
			);
			buildRules = (
			);
			dependencies = (
			);
			name = CheckNetWork;
			productName = CheckNetWork;
			productReference = 8400D1F01F1C33F2007CBAB9 /* CheckNetWork.app */;
			productType = "com.apple.product-type.application";
		};
/* End PBXNativeTarget section */

/* Begin PBXProject section */
		8400D1E81F1C33F2007CBAB9 /* Project object */ = {
			isa = PBXProject;
			attributes = {
				LastSwiftUpdateCheck = 0900;
				LastUpgradeCheck = 0900;
				ORGANIZATIONNAME = ChungSama;
				TargetAttributes = {
					8400D1EF1F1C33F2007CBAB9 = {
						CreatedOnToolsVersion = 9.0;
					};
				};
			};
			buildConfigurationList = 8400D1EB1F1C33F2007CBAB9 /* Build configuration list for PBXProject "CheckNetWork" */;
			compatibilityVersion = "Xcode 8.0";
			developmentRegion = en;
			hasScannedForEncodings = 0;
			knownRegions = (
				en,
				Base,
			);
			mainGroup = 8400D1E71F1C33F2007CBAB9;
			productRefGroup = 8400D1F11F1C33F2007CBAB9 /* Products */;
			projectDirPath = "";
			projectRoot = "";
			targets = (
				8400D1EF1F1C33F2007CBAB9 /* CheckNetWork */,
			);
		};
/* End PBXProject section */

/* Begin PBXResourcesBuildPhase section */
		8400D1EE1F1C33F2007CBAB9 /* Resources */ = {
			isa = PBXResourcesBuildPhase;
			buildActionMask = 2147483647;
			files = (
				8400D1FE1F1C33F2007CBAB9 /* LaunchScreen.storyboard in Resources */,
				8400D1FB1F1C33F2007CBAB9 /* Assets.xcassets in Resources */,
				8400D1F91F1C33F2007CBAB9 /* Main.storyboard in Resources */,
			);
			runOnlyForDeploymentPostprocessing = 0;
		};
/* End PBXResourcesBuildPhase section */

/* Begin PBXSourcesBuildPhase section */
		8400D1EC1F1C33F2007CBAB9 /* Sources */ = {
			isa = PBXSourcesBuildPhase;
			buildActionMask = 2147483647;
			files = (
				8400D1F61F1C33F2007CBAB9 /* ViewController.swift in Sources */,
				8400D1F41F1C33F2007CBAB9 /* AppDelegate.swift in Sources */,
				8400D2061F1C3455007CBAB9 /* Reachability.swift in Sources */,
			);
			runOnlyForDeploymentPostprocessing = 0;
		};
/* End PBXSourcesBuildPhase section */

/* Begin PBXVariantGroup section */
		8400D1F71F1C33F2007CBAB9 /* Main.storyboard */ = {
			isa = PBXVariantGroup;
			children = (
				8400D1F81F1C33F2007CBAB9 /* Base */,
			);
			name = Main.storyboard;
			sourceTree = "<group>";
		};
		8400D1FC1F1C33F2007CBAB9 /* LaunchScreen.storyboard */ = {
			isa = PBXVariantGroup;
			children = (
				8400D1FD1F1C33F2007CBAB9 /* Base */,
			);
			name = LaunchScreen.storyboard;
			sourceTree = "<group>";
		};
/* End PBXVariantGroup section */

/* Begin XCBuildConfiguration section */
		8400D2001F1C33F2007CBAB9 /* Debug */ = {
			isa = XCBuildConfiguration;
			buildSettings = {
				ALWAYS_SEARCH_USER_PATHS = NO;
				CLANG_ANALYZER_NONNULL = YES;
				CLANG_ANALYZER_NUMBER_OBJECT_CONVERSION = YES_AGGRESSIVE;
				CLANG_CXX_LANGUAGE_STANDARD = "gnu++14";
				CLANG_CXX_LIBRARY = "libc++";
				CLANG_ENABLE_MODULES = YES;
				CLANG_ENABLE_OBJC_ARC = YES;
				CLANG_WARN_BLOCK_CAPTURE_AUTORELEASING = YES;
				CLANG_WARN_BOOL_CONVERSION = YES;
				CLANG_WARN_COMMA = YES;
				CLANG_WARN_CONSTANT_CONVERSION = YES;
				CLANG_WARN_DIRECT_OBJC_ISA_USAGE = YES_ERROR;
				CLANG_WARN_DOCUMENTATION_COMMENTS = YES;
				CLANG_WARN_EMPTY_BODY = YES;
				CLANG_WARN_ENUM_CONVERSION = YES;
				CLANG_WARN_INFINITE_RECURSION = YES;
				CLANG_WARN_INT_CONVERSION = YES;
				CLANG_WARN_NON_LITERAL_NULL_CONVERSION = YES;
				CLANG_WARN_OBJC_LITERAL_CONVERSION = YES;
				CLANG_WARN_OBJC_ROOT_CLASS = YES_ERROR;
				CLANG_WARN_RANGE_LOOP_ANALYSIS = YES;
				CLANG_WARN_STRICT_PROTOTYPES = YES;
				CLANG_WARN_SUSPICIOUS_MOVE = YES;
				CLANG_WARN_UNGUARDED_AVAILABILITY = YES_AGGRESSIVE;
				CLANG_WARN_UNREACHABLE_CODE = YES;
				CLANG_WARN__DUPLICATE_METHOD_MATCH = YES;
				CODE_SIGN_IDENTITY = "iPhone Developer";
				COPY_PHASE_STRIP = NO;
				DEBUG_INFORMATION_FORMAT = dwarf;
				ENABLE_STRICT_OBJC_MSGSEND = YES;
				ENABLE_TESTABILITY = YES;
				GCC_C_LANGUAGE_STANDARD = gnu11;
				GCC_DYNAMIC_NO_PIC = NO;
				GCC_NO_COMMON_BLOCKS = YES;
				GCC_OPTIMIZATION_LEVEL = 0;
				GCC_PREPROCESSOR_DEFINITIONS = (
					"DEBUG=1",
					"$(inherited)",
				);
				GCC_WARN_64_TO_32_BIT_CONVERSION = YES;
				GCC_WARN_ABOUT_RETURN_TYPE = YES_ERROR;
				GCC_WARN_UNDECLARED_SELECTOR = YES;
				GCC_WARN_UNINITIALIZED_AUTOS = YES_AGGRESSIVE;
				GCC_WARN_UNUSED_FUNCTION = YES;
				GCC_WARN_UNUSED_VARIABLE = YES;
				IPHONEOS_DEPLOYMENT_TARGET = 11.0;
				MTL_ENABLE_DEBUG_INFO = YES;
				ONLY_ACTIVE_ARCH = YES;
				SDKROOT = iphoneos;
				SWIFT_ACTIVE_COMPILATION_CONDITIONS = DEBUG;
				SWIFT_OPTIMIZATION_LEVEL = "-Onone";
			};
			name = Debug;
		};
		8400D2011F1C33F2007CBAB9 /* Release */ = {
			isa = XCBuildConfiguration;
			buildSettings = {
				ALWAYS_SEARCH_USER_PATHS = NO;
				CLANG_ANALYZER_NONNULL = YES;
				CLANG_ANALYZER_NUMBER_OBJECT_CONVERSION = YES_AGGRESSIVE;
				CLANG_CXX_LANGUAGE_STANDARD = "gnu++14";
				CLANG_CXX_LIBRARY = "libc++";
				CLANG_ENABLE_MODULES = YES;
				CLANG_ENABLE_OBJC_ARC = YES;
				CLANG_WARN_BLOCK_CAPTURE_AUTORELEASING = YES;
				CLANG_WARN_BOOL_CONVERSION = YES;
				CLANG_WARN_COMMA = YES;
				CLANG_WARN_CONSTANT_CONVERSION = YES;
				CLANG_WARN_DIRECT_OBJC_ISA_USAGE = YES_ERROR;
				CLANG_WARN_DOCUMENTATION_COMMENTS = YES;
				CLANG_WARN_EMPTY_BODY = YES;
				CLANG_WARN_ENUM_CONVERSION = YES;
				CLANG_WARN_INFINITE_RECURSION = YES;
				CLANG_WARN_INT_CONVERSION = YES;
				CLANG_WARN_NON_LITERAL_NULL_CONVERSION = YES;
				CLANG_WARN_OBJC_LITERAL_CONVERSION = YES;
				CLANG_WARN_OBJC_ROOT_CLASS = YES_ERROR;
				CLANG_WARN_RANGE_LOOP_ANALYSIS = YES;
				CLANG_WARN_STRICT_PROTOTYPES = YES;
				CLANG_WARN_SUSPICIOUS_MOVE = YES;
				CLANG_WARN_UNGUARDED_AVAILABILITY = YES_AGGRESSIVE;
				CLANG_WARN_UNREACHABLE_CODE = YES;
				CLANG_WARN__DUPLICATE_METHOD_MATCH = YES;
				CODE_SIGN_IDENTITY = "iPhone Developer";
				COPY_PHASE_STRIP = NO;
				DEBUG_INFORMATION_FORMAT = "dwarf-with-dsym";
				ENABLE_NS_ASSERTIONS = NO;
				ENABLE_STRICT_OBJC_MSGSEND = YES;
				GCC_C_LANGUAGE_STANDARD = gnu11;
				GCC_NO_COMMON_BLOCKS = YES;
				GCC_WARN_64_TO_32_BIT_CONVERSION = YES;
				GCC_WARN_ABOUT_RETURN_TYPE = YES_ERROR;
				GCC_WARN_UNDECLARED_SELECTOR = YES;
				GCC_WARN_UNINITIALIZED_AUTOS = YES_AGGRESSIVE;
				GCC_WARN_UNUSED_FUNCTION = YES;
				GCC_WARN_UNUSED_VARIABLE = YES;
				IPHONEOS_DEPLOYMENT_TARGET = 11.0;
				MTL_ENABLE_DEBUG_INFO = NO;
				SDKROOT = iphoneos;
				SWIFT_OPTIMIZATION_LEVEL = "-Owholemodule";
				VALIDATE_PRODUCT = YES;
			};
			name = Release;
		};
		8400D2031F1C33F2007CBAB9 /* Debug */ = {
			isa = XCBuildConfiguration;
			buildSettings = {
				ASSETCATALOG_COMPILER_APPICON_NAME = AppIcon;
				INFOPLIST_FILE = CheckNetWork/Info.plist;
				LD_RUNPATH_SEARCH_PATHS = "$(inherited) @executable_path/Frameworks";
				PRODUCT_BUNDLE_IDENTIFIER = Chungsama.com.CheckNetWork;
				PRODUCT_NAME = "$(TARGET_NAME)";
				SWIFT_VERSION = 4.0;
				TARGETED_DEVICE_FAMILY = "1,2";
			};
			name = Debug;
		};
		8400D2041F1C33F2007CBAB9 /* Release */ = {
			isa = XCBuildConfiguration;
			buildSettings = {
				ASSETCATALOG_COMPILER_APPICON_NAME = AppIcon;
				INFOPLIST_FILE = CheckNetWork/Info.plist;
				LD_RUNPATH_SEARCH_PATHS = "$(inherited) @executable_path/Frameworks";
				PRODUCT_BUNDLE_IDENTIFIER = Chungsama.com.CheckNetWork;
				PRODUCT_NAME = "$(TARGET_NAME)";
				SWIFT_VERSION = 4.0;
				TARGETED_DEVICE_FAMILY = "1,2";
			};
			name = Release;
		};
/* End XCBuildConfiguration section */

/* Begin XCConfigurationList section */
		8400D1EB1F1C33F2007CBAB9 /* Build configuration list for PBXProject "CheckNetWork" */ = {
			isa = XCConfigurationList;
			buildConfigurations = (
				8400D2001F1C33F2007CBAB9 /* Debug */,
				8400D2011F1C33F2007CBAB9 /* Release */,
			);
			defaultConfigurationIsVisible = 0;
			defaultConfigurationName = Release;
		};
		8400D2021F1C33F2007CBAB9 /* Build configuration list for PBXNativeTarget "CheckNetWork" */ = {
			isa = XCConfigurationList;
			buildConfigurations = (
				8400D2031F1C33F2007CBAB9 /* Debug */,
				8400D2041F1C33F2007CBAB9 /* Release */,
			);
			defaultConfigurationIsVisible = 0;
		};
/* End XCConfigurationList section */
	};
	rootObject = 8400D1E81F1C33F2007CBAB9 /* Project object */;
}
